# gh-aw-metadata: {"schema_version":"v4","frontmatter_hash":"5ff864e87e9301e640e795e6819b5e28852c584a9e3fd2d2018613a6cb6d8591","body_hash":"3244bf497034c39da42451ef5795773c5a3373e7d733232e054b4ca39cfe98c8","compiler_version":"v0.89.15","strict":true,"agent_id":"copilot","engine_versions":{"copilot":"1.0.83"}}
# gh-aw-manifest: {"version":1,"secrets":["COPILOT_GITHUB_TOKEN","GH_AW_DEFAULT_OTLP_ENDPOINT","GH_AW_DEFAULT_OTLP_HEADERS","GH_AW_GITHUB_MCP_SERVER_TOKEN","GH_AW_GITHUB_TOKEN","GITHUB_TOKEN"],"actions":[{"repo":"actions/checkout","sha":"3d3c42e5aac5ba805825da76410c181273ba90b1","version":"v7.0.1"},{"repo":"actions/download-artifact","sha":"3e5f45b2cfb9172054b4087a40e8e0b5a5461e7c","version":"v8.0.1"},{"repo":"actions/github-script","sha":"3a2844b7e9c422d3c10d287c895573f7108da1b3","version":"v9.0.0"},{"repo":"actions/upload-artifact","sha":"043fb46d1a93c77aae656e7c1c64a875d1fc6a0a","version":"v7.0.1"},{"repo":"github/gh-aw-actions/setup","sha":"045beb2d14bda8d0c1f2e83b41527f63770d2855","version":"v0.89.15"}],"containers":[{"image":"ghcr.io/github/gh-aw-firewall/agent:0.28.16","digest":"sha256:57a3e27388a6d7d32719088581e52567727fa0bf2f0d477bf565b0c4baa12a3f","pinned_image":"ghcr.io/github/gh-aw-firewall/agent:0.28.16@sha256:57a3e27388a6d7d32719088581e52567727fa0bf2f0d477bf565b0c4baa12a3f"},{"image":"ghcr.io/github/gh-aw-firewall/api-proxy:0.28.16","digest":"sha256:cd400948638ffe1b87ec319abf73fa29b6ac9881b015da58bba971c4cc13a400","pinned_image":"ghcr.io/github/gh-aw-firewall/api-proxy:0.28.16@sha256:cd400948638ffe1b87ec319abf73fa29b6ac9881b015da58bba971c4cc13a400"},{"image":"ghcr.io/github/gh-aw-firewall/squid:0.28.16","digest":"sha256:452197f2e241b2cda8eb0b5674960aa8ca544a64dc242e24f8263c3df6452919","pinned_image":"ghcr.io/github/gh-aw-firewall/squid:0.28.16@sha256:452197f2e241b2cda8eb0b5674960aa8ca544a64dc242e24f8263c3df6452919"},{"image":"ghcr.io/github/gh-aw-mcpg:v0.4.21","digest":"sha256:f26f665840660581510746ed84f5fc706f4ca8c48833757dfb4d72d86587201e","pinned_image":"ghcr.io/github/gh-aw-mcpg:v0.4.21@sha256:f26f665840660581510746ed84f5fc706f4ca8c48833757dfb4d72d86587201e"},{"image":"ghcr.io/github/gh-aw-node","digest":"sha256:0daa8971fa4732b647150cb6524a6b0804b68d5d24f6f58b5dd1af23bd63fb23","pinned_image":"ghcr.io/github/gh-aw-node@sha256:0daa8971fa4732b647150cb6524a6b0804b68d5d24f6f58b5dd1af23bd63fb23"},{"image":"ghcr.io/github/github-mcp-server:v1.12.1","digest":"sha256:0ba840c46a237879c8300e7fddb0b6347f20e029ccb9cbe2ce4a943daa1ff560","pinned_image":"ghcr.io/github/github-mcp-server:v1.12.1@sha256:0ba840c46a237879c8300e7fddb0b6347f20e029ccb9cbe2ce4a943daa1ff560"}],"mcp_servers":[{"name":"github","tools":["get_commit","get_file_contents","get_latest_release","get_me","get_pull_request","get_pull_request_comments","get_pull_request_diff","get_pull_request_files","get_pull_request_review_comments","get_pull_request_reviews","get_pull_request_status","get_release_by_tag","get_tag","issue_read","list_branches","list_commits","list_issue_types","list_issues","list_pull_requests","list_releases","list_starred_repositories","list_tags","pull_request_read","search_code","search_issues","search_pull_requests","search_repositories"]},{"name":"safeoutputs","tools":["create_issue","missing_data","missing_tool","noop"]}]}
# This file was automatically generated by gh-aw (v0.89.15). DO NOT EDIT. To debug this workflow, load the skill at https://github.com/github/gh-aw/blob/main/debug.md
#
#    ___                   _   _
#   / _ \                 | | (_)
#  | |_| | __ _  ___ _ __ | |_ _  ___
#  |  _  |/ _` |/ _ \ '_ \| __| |/ __|
#  | | | | (_| |  __/ | | | |_| | (__
#  \_| |_/\__, |\___|_| |_|\__|_|\___|
#          __/ |
#  _    _ |___/
# | |  | |                / _| |
# | |  | | ___ _ __ _  __| |_| | _____      ____
# | |/\| |/ _ \ '__| |/ /|  _| |/ _ \ \ /\ / / ___|
# \  /\  / (_) | | | | ( | | | | (_) \ V  V /\__ \
#  \/  \/ \___/|_| |_|\_\|_| |_|\___/ \_/\_/ |___/
#
#
# To update this file, edit the corresponding .md file and run:
#   gh aw compile
# Not all edits will cause changes to this file.
#
# For more information: https://github.github.com/gh-aw/introduction/overview/
#
#
# Secrets used:
#   - COPILOT_GITHUB_TOKEN
#   - GH_AW_DEFAULT_OTLP_ENDPOINT
#   - GH_AW_DEFAULT_OTLP_HEADERS
#   - GH_AW_GITHUB_MCP_SERVER_TOKEN
#   - GH_AW_GITHUB_TOKEN
#   - GITHUB_TOKEN
#
# Custom actions used:
#   - actions/checkout@3d3c42e5aac5ba805825da76410c181273ba90b1 # v7.0.1
#   - actions/download-artifact@3e5f45b2cfb9172054b4087a40e8e0b5a5461e7c # v8.0.1
#   - actions/github-script@3a2844b7e9c422d3c10d287c895573f7108da1b3 # v9.0.0
#   - actions/github-script@3a2844b7e9c422d3c10d287c895573f7108da1b3 # v9.0.0 (source v9)
#   - actions/upload-artifact@043fb46d1a93c77aae656e7c1c64a875d1fc6a0a # v7.0.1
#   - github/gh-aw-actions/setup@045beb2d14bda8d0c1f2e83b41527f63770d2855 # v0.89.15
#
# Container images used:
#   - ghcr.io/github/gh-aw-firewall/agent:0.28.16@sha256:57a3e27388a6d7d32719088581e52567727fa0bf2f0d477bf565b0c4baa12a3f
#   - ghcr.io/github/gh-aw-firewall/api-proxy:0.28.16@sha256:cd400948638ffe1b87ec319abf73fa29b6ac9881b015da58bba971c4cc13a400
#   - ghcr.io/github/gh-aw-firewall/squid:0.28.16@sha256:452197f2e241b2cda8eb0b5674960aa8ca544a64dc242e24f8263c3df6452919
#   - ghcr.io/github/gh-aw-mcpg:v0.4.21@sha256:f26f665840660581510746ed84f5fc706f4ca8c48833757dfb4d72d86587201e
#   - ghcr.io/github/gh-aw-node@sha256:0daa8971fa4732b647150cb6524a6b0804b68d5d24f6f58b5dd1af23bd63fb23
#   - ghcr.io/github/github-mcp-server:v1.12.1@sha256:0ba840c46a237879c8300e7fddb0b6347f20e029ccb9cbe2ce4a943daa1ff560

name: "Requirements Review"
on:
  workflow_dispatch:
    inputs:
      aw_context:
        default: ""
        description: "Agent caller context (used internally by Agentic Workflows)."
        required: false
        type: string

permissions: {}

concurrency:
  group: "gh-aw-${{ github.workflow }}"

run-name: "Requirements Review"

env:
  OTEL_EXPORTER_OTLP_ENDPOINT: ${{ secrets.GH_AW_DEFAULT_OTLP_ENDPOINT || vars.GH_AW_DEFAULT_OTLP_ENDPOINT }}
  OTEL_SERVICE_NAME: gh-aw.requirements-review-cost-test
  OTEL_RESOURCE_ATTRIBUTES: 'gh-aw.workflow.name=Requirements%20Review,gh-aw.repository=${{ github.repository }},gh-aw.run.id=${{ github.run_id }},github.run_id=${{ github.run_id }},gh-aw.engine.id=copilot'
  OTEL_EXPORTER_OTLP_HEADERS: ${{ secrets.GH_AW_DEFAULT_OTLP_HEADERS }}
  GH_AW_OTLP_ENDPOINTS: '[{"url":"${{ secrets.GH_AW_DEFAULT_OTLP_ENDPOINT || vars.GH_AW_DEFAULT_OTLP_ENDPOINT }}","headers":"${{ secrets.GH_AW_DEFAULT_OTLP_HEADERS }}"}]'
  GH_AW_OTLP_IF_MISSING: ignore

jobs:
  activation:
    runs-on: ubuntu-slim
    permissions:
      actions: read
      contents: read
    env:
      GH_AW_MAX_DAILY_AI_CREDITS: ${{ vars.GH_AW_DEFAULT_MAX_DAILY_AI_CREDITS || '5000' }}
      GH_AW_RUNTIME_FEATURES: ${{ vars.GH_AW_RUNTIME_FEATURES }}
    outputs:
      comment_id: ""
      comment_repo: ""
      daily_ai_credits_exceeded: ${{ steps.daily-effective-workflow-guardrail.outputs.daily_ai_credits_exceeded == 'true' }}
      daily_ai_credits_guardrail_error: ${{ steps.daily-effective-workflow-guardrail.outputs.daily_ai_credits_guardrail_error || '' }}
      daily_ai_credits_guardrail_status: ${{ steps.daily-effective-workflow-guardrail.outputs.daily_ai_credits_guardrail_status || '' }}
      daily_ai_credits_threshold: ${{ steps.daily-effective-workflow-guardrail.outputs.daily_ai_credits_threshold || '' }}
      daily_ai_credits_total_effective_tokens: ${{ steps.daily-effective-workflow-guardrail.outputs.daily_ai_credits_total_effective_tokens || '' }}
      engine_id: ${{ steps.generate_aw_info.outputs.engine_id }}
      lockdown_check_failed: ${{ steps.generate_aw_info.outputs.lockdown_check_failed == 'true' }}
      model: ${{ steps.generate_aw_info.outputs.model }}
      oauth_token_check_failed: ${{ steps.check-oauth-tokens.outputs.oauth_token_check_failed == 'true' }}
      secret_verification_result: ${{ steps.validate-secret.outputs.verification_result }}
      setup-parent-span-id: ${{ steps.setup.outputs.parent-span-id || steps.setup.outputs.span-id }}
      setup-span-id: ${{ steps.setup.outputs.span-id }}
      setup-trace-id: ${{ steps.setup.outputs.trace-id }}
      stale_lock_file_failed: ${{ steps.check-lock-file.outputs.stale_lock_file_failed == 'true' }}
    steps:
      - name: Setup Scripts
        id: setup
        uses: github/gh-aw-actions/setup@045beb2d14bda8d0c1f2e83b41527f63770d2855 # v0.89.15
        with:
          destination: ${{ runner.temp }}/gh-aw/actions
          job-name: ${{ github.job }}
          safe-output-artifact-client: ${{ env.GH_AW_MAX_DAILY_AI_CREDITS != '' }}
        env:
          GH_AW_SETUP_WORKFLOW_NAME: "Requirements Review"
          GH_AW_CURRENT_WORKFLOW_REF: ${{ github.repository }}/.github/workflows/requirements-review-cost-test.lock.yml@${{ github.ref }}
          GH_AW_INFO_VERSION: "1.0.83"
          GH_AW_INFO_AWF_VERSION: "v0.28.16"
          GH_AW_INFO_ENGINE_ID: "copilot"
      - name: Mask OTLP telemetry headers
        run: bash "${RUNNER_TEMP}/gh-aw/actions/mask_otlp_headers.sh"
      - name: Generate agentic run info
        id: generate_aw_info
        env:
          GH_AW_INFO_ENGINE_ID: "copilot"
          GH_AW_INFO_ENGINE_NAME: "GitHub Copilot CLI"
          GH_AW_INFO_MODEL: ${{ vars.GH_AW_MODEL_AGENT_COPILOT || vars.GH_AW_DEFAULT_MODEL_COPILOT || 'auto' }}
          GH_AW_INFO_VERSION: "1.0.83"
          GH_AW_INFO_AGENT_VERSION: "1.0.83"
          GH_AW_INFO_CLI_VERSION: "v0.89.15"
          GH_AW_INFO_WORKFLOW_NAME: "Requirements Review"
          GH_AW_INFO_EXPERIMENTAL: "false"
          GH_AW_INFO_SUPPORTS_TOOLS_ALLOWLIST: "true"
          GH_AW_INFO_STAGED: "false"
          GH_AW_INFO_ALLOWED_DOMAINS: '["defaults"]'
          GH_AW_INFO_FIREWALL_ENABLED: "true"
          GH_AW_INFO_AWF_VERSION: "v0.28.16"
          GH_AW_INFO_AWMG_VERSION: ""
          GH_AW_INFO_FIREWALL_TYPE: "squid"
          GH_AW_INFO_AGENT_RUNTIME: ""
          GH_AW_COMPILED_STRICT: "true"
          GH_AW_INFO_FEATURES: '{"group-concurrency-queue":false}'
        uses: actions/github-script@3a2844b7e9c422d3c10d287c895573f7108da1b3 # v9.0.0
        with:
          script: |
            const path = require('path');
            const actionsDir = path.join(process.env.RUNNER_TEMP, 'gh-aw', 'actions');
            const { setupGlobals } = require(path.join(actionsDir, 'setup_globals.cjs'));
            setupGlobals(core, github, context, exec, io, getOctokit);
            const { main } = require(path.join(actionsDir, 'generate_aw_info.cjs'));
            await main(core, context);
      - name: Restore daily AIC scan observations
        id: restore-daily-aic-cache-fallback
        if: ${{ env.GH_AW_MAX_DAILY_AI_CREDITS != '' }}
        uses: actions/github-script@3a2844b7e9c422d3c10d287c895573f7108da1b3 # v9.0.0
        env:
          GH_AW_HAS_SLASH_COMMAND: "false"
          GH_AW_HAS_LABEL_COMMAND: "false"
        with:
          github-token: ${{ secrets.GITHUB_TOKEN }}
          script: |
            const path = require('path');
            const actionsDir = path.join(process.env.RUNNER_TEMP, 'gh-aw', 'actions');
            const { setupGlobals } = require(path.join(actionsDir, 'setup_globals.cjs'));
            setupGlobals(core, github, context, exec, io, getOctokit);
            const { main } = require(path.join(actionsDir, 'restore_aic_scan_cache.cjs'));
            await main();
      - name: Check daily workflow token guardrail
        id: daily-effective-workflow-guardrail
        if: ${{ env.GH_AW_MAX_DAILY_AI_CREDITS != '' }}
        uses: actions/github-script@3a2844b7e9c422d3c10d287c895573f7108da1b3 # v9.0.0
        env:
          GH_AW_WORKFLOW_NAME: "Requirements Review"
          GH_AW_WORKFLOW_ID: "requirements-review-cost-test"
          GH_AW_RUN_URL: ${{ github.server_url }}/${{ github.repository }}/actions/runs/${{ github.run_id }}
          GH_AW_WORKFLOW_DISPATCH_AW_CONTEXT: ${{ github.event.inputs.aw_context || '' }}
          GH_AW_HAS_SLASH_COMMAND: "false"
          GH_AW_HAS_LABEL_COMMAND: "false"
          GH_AW_GITHUB_TOKEN: ${{ secrets.GITHUB_TOKEN }}
          GH_AW_MAX_DAILY_AI_CREDITS: ${{ vars.GH_AW_DEFAULT_MAX_DAILY_AI_CREDITS || '5000' }}
        with:
          github-token: ${{ secrets.GITHUB_TOKEN }}
          script: |
            const path = require('path');
            const actionsDir = path.join(process.env.RUNNER_TEMP, 'gh-aw', 'actions');
            const { setupGlobals } = require(path.join(actionsDir, 'setup_globals.cjs'));
            setupGlobals(core, github, context, exec, io, getOctokit);
            const { main } = require(path.join(actionsDir, 'check_daily_aic_workflow_guardrail.cjs'));
            await main();
      - name: Publish daily AIC scan observations
        if: always() && env.GH_AW_MAX_DAILY_AI_CREDITS != ''
        continue-on-error: true
        uses: actions/upload-artifact@043fb46d1a93c77aae656e7c1c64a875d1fc6a0a # v7.0.1
        with:
          name: aic-usage-scan-v2
          path: /tmp/gh-aw/agentic-workflow-usage-scan-v2.jsonl
          overwrite: true
          if-no-files-found: ignore
          retention-days: 3
      - name: Validate COPILOT_GITHUB_TOKEN secret
        id: validate-secret
        run: bash "${RUNNER_TEMP}/gh-aw/actions/validate_multi_secret.sh" COPILOT_GITHUB_TOKEN 'GitHub Copilot CLI' https://github.github.com/gh-aw/reference/engines/#github-copilot-default
        env:
          COPILOT_GITHUB_TOKEN: ${{ secrets.COPILOT_GITHUB_TOKEN }}
      - name: Check for OAuth tokens
        id: check-oauth-tokens
        run: bash "${RUNNER_TEMP}/gh-aw/actions/check_oauth_tokens.sh"
        env:
          COPILOT_GITHUB_TOKEN: ${{ secrets.COPILOT_GITHUB_TOKEN }}
          GH_AW_GITHUB_TOKEN: ${{ secrets.GH_AW_GITHUB_TOKEN }}
          GH_AW_GITHUB_MCP_SERVER_TOKEN: ${{ secrets.GH_AW_GITHUB_MCP_SERVER_TOKEN }}
      - name: Checkout .github and .agents folders
        uses: actions/checkout@3d3c42e5aac5ba805825da76410c181273ba90b1 # v7.0.1
        with:
          persist-credentials: false
          sparse-checkout: |
            .github
            .agents
            .claude
            .codex
            .gemini
            .pi
          sparse-checkout-cone-mode: true
          fetch-depth: 1
      - name: Save agent config folders for base branch restoration
        env:
          GH_AW_AGENT_FOLDERS: ".agents .github"
          GH_AW_AGENT_FILES: "AGENTS.md"
        run: |
          bash "${RUNNER_TEMP}/gh-aw/actions/save_base_github_folders.sh"
      - name: Check workflow lock file
        id: check-lock-file
        uses: actions/github-script@3a2844b7e9c422d3c10d287c895573f7108da1b3 # v9.0.0
        env:
          GH_AW_WORKFLOW_FILE: "requirements-review-cost-test.lock.yml"
          GH_AW_CONTEXT_WORKFLOW_REF: "${{ github.workflow_ref }}"
        with:
          script: |
            const path = require('path');
            const actionsDir = path.join(process.env.RUNNER_TEMP, 'gh-aw', 'actions');
            const { setupGlobals } = require(path.join(actionsDir, 'setup_globals.cjs'));
            setupGlobals(core, github, context, exec, io, getOctokit);
            const { main } = require(path.join(actionsDir, 'check_workflow_timestamp_api.cjs'));
            await main();
      - name: Check compile-agentic version
        uses: actions/github-script@3a2844b7e9c422d3c10d287c895573f7108da1b3 # v9.0.0
        env:
          GH_AW_COMPILED_VERSION: "v0.89.15"
          GH_AW_BLOCKED_VERSION_REPORT_AS_ISSUE: "false"
          GH_AW_WORKFLOW_NAME: "Requirements Review"
        with:
          script: |
            const path = require('path');
            const actionsDir = path.join(process.env.RUNNER_TEMP, 'gh-aw', 'actions');
            const { setupGlobals } = require(path.join(actionsDir, 'setup_globals.cjs'));
            setupGlobals(core, github, context, exec, io, getOctokit);
            const { main } = require(path.join(actionsDir, 'check_version_updates.cjs'));
            await main();
      - name: Log runtime features
        if: ${{ contains(toJSON(vars), '"GH_AW_RUNTIME_FEATURES":') }}
        run: bash "${RUNNER_TEMP}/gh-aw/actions/log_runtime_features_summary.sh"
      - name: Create prompt with built-in context
        uses: actions/github-script@3a2844b7e9c422d3c10d287c895573f7108da1b3 # v9.0.0
        env:
          GH_AW_ACTIONS_DIR: ${{ runner.temp }}/gh-aw/actions
          GH_AW_PROMPT: ${{ runner.temp }}/gh-aw/aw-prompts/prompt.txt
          GH_AW_SAFE_OUTPUTS: ${{ runner.temp }}/gh-aw/safeoutputs/outputs.jsonl
          GH_AW_PROMPT_CONFIG: "{\"items\":[{\"content_env\":\"GH_AW_PROMPT_CONTENT_0000\"},{\"file\":\"xpia.md\"},{\"file\":\"temp_folder_prompt.md\"},{\"file\":\"markdown.md\"},{\"file\":\"safe_outputs_prompt.md\"},{\"content_env\":\"GH_AW_PROMPT_CONTENT_0001\"},{\"file\":\"safe_outputs_auto_create_issue.md\"},{\"content_env\":\"GH_AW_PROMPT_CONTENT_0002\"},{\"file\":\"mcp_cli_tools_with_safeoutputs_prompt.md\"},{\"content_env\":\"GH_AW_PROMPT_CONTENT_0003\"},{\"file\":\"github_mcp_tools_with_safeoutputs_prompt.md\"},{\"content_env\":\"GH_AW_PROMPT_CONTENT_0004\"},{\"content_env\":\"GH_AW_PROMPT_CONTENT_0005\"}]}"
          GH_AW_EXPR_463A214A: "x"
          GH_AW_GITHUB_ACTOR: ${{ github.actor }}
          GH_AW_GITHUB_REPOSITORY: ${{ github.repository }}
          GH_AW_GITHUB_RUN_ID: ${{ github.run_id }}
          GH_AW_GITHUB_WORKSPACE: ${{ github.workspace }}
          GH_AW_PROMPT_CONTENT_0000: "<system>\n"
          GH_AW_PROMPT_CONTENT_0001: "<safe-output-tools>\nTools: create_issue, missing_tool, missing_data, noop\n"
          GH_AW_PROMPT_CONTENT_0002: "</safe-output-tools>\n"
          GH_AW_PROMPT_CONTENT_0003: "<github-context>\nThe following GitHub context information is available for this workflow:\n{{#if github.actor}}\n- **actor**: __GH_AW_GITHUB_ACTOR__\n{{/if}}\n{{#if github.repository}}\n- **repository**: __GH_AW_GITHUB_REPOSITORY__\n{{/if}}\n{{#if github.workspace}}\n- **workspace**: __GH_AW_GITHUB_WORKSPACE__\n{{/if}}\n{{#if github.event.issue.number || (github.aw.context.item_type == 'issue' && github.aw.context.item_number)}}\n- **issue-number**: #__GH_AW_EXPR_802A9F6A__\n{{/if}}\n{{#if github.event.discussion.number || (github.aw.context.item_type == 'discussion' && github.aw.context.item_number)}}\n- **discussion-number**: #__GH_AW_EXPR_1A3A194A__\n{{/if}}\n{{#if github.event.pull_request.number || (github.aw.context.item_type == 'pull_request' && github.aw.context.item_number)}}\n- **pull-request-number**: #__GH_AW_EXPR_463A214A__\n{{/if}}\n{{#if github.event.comment.id || github.aw.context.comment_id}}\n- **comment-id**: __GH_AW_EXPR_FF1D34CE__\n{{/if}}\n{{#if github.run_id}}\n- **workflow-run-id**: __GH_AW_GITHUB_RUN_ID__\n{{/if}}\n</github-context>\n\n"
          GH_AW_PROMPT_CONTENT_0004: "</system>\n"
          GH_AW_PROMPT_CONTENT_0005: "{{#runtime-import .github/workflows/requirements-review-cost-test.md}}\n"
        with:
          script: |
            const { setupGlobals } = require(process.env.GH_AW_ACTIONS_DIR + '/setup_globals.cjs');
            setupGlobals(core, github, context, exec, io, getOctokit);
            const { main } = require(process.env.GH_AW_ACTIONS_DIR + '/create_prompt.cjs');
            await main(core);
      - name: Interpolate variables and render templates
        uses: actions/github-script@3a2844b7e9c422d3c10d287c895573f7108da1b3 # v9.0.0
        env:
          GH_AW_PROMPT: ${{ runner.temp }}/gh-aw/aw-prompts/prompt.txt
          GH_AW_ENGINE_ID: "copilot"
        with:
          script: |
            const path = require('path');
            const actionsDir = path.join(process.env.RUNNER_TEMP, 'gh-aw', 'actions');
            const { setupGlobals } = require(path.join(actionsDir, 'setup_globals.cjs'));
            setupGlobals(core, github, context, exec, io, getOctokit);
            const { main } = require(path.join(actionsDir, 'interpolate_prompt.cjs'));
            await main();
      - name: Substitute placeholders
        uses: actions/github-script@3a2844b7e9c422d3c10d287c895573f7108da1b3 # v9.0.0
        env:
          GH_AW_PROMPT: ${{ runner.temp }}/gh-aw/aw-prompts/prompt.txt
          GH_AW_EXPR_463A214A: ${{ github.event.pull_request.number || (fromJSON(github.event.inputs.aw_context || github.event.client_payload.aw_context || '{}').item_type == 'pull_request' && fromJSON(github.event.inputs.aw_context || github.event.client_payload.aw_context || '{}').item_number) }}
          GH_AW_GITHUB_ACTOR: ${{ github.actor }}
          GH_AW_GITHUB_REPOSITORY: ${{ github.repository }}
          GH_AW_GITHUB_RUN_ID: ${{ github.run_id }}
          GH_AW_GITHUB_WORKSPACE: ${{ github.workspace }}
          GH_AW_MCP_CLI_SERVERS_LIST: "github safeoutputs"
        with:
          script: |
            const path = require('path');
            const actionsDir = path.join(process.env.RUNNER_TEMP, 'gh-aw', 'actions');
            const { setupGlobals } = require(path.join(actionsDir, 'setup_globals.cjs'));
            setupGlobals(core, github, context, exec, io, getOctokit);

            const substitutePlaceholders = require(path.join(actionsDir, 'substitute_placeholders.cjs'));

            // Call the substitution function
            return await substitutePlaceholders({
              file: process.env.GH_AW_PROMPT,
              substitutions: {
                GH_AW_EXPR_463A214A: process.env.GH_AW_EXPR_463A214A,
                GH_AW_GITHUB_ACTOR: process.env.GH_AW_GITHUB_ACTOR,
                GH_AW_GITHUB_REPOSITORY: process.env.GH_AW_GITHUB_REPOSITORY,
                GH_AW_GITHUB_RUN_ID: process.env.GH_AW_GITHUB_RUN_ID,
                GH_AW_GITHUB_WORKSPACE: process.env.GH_AW_GITHUB_WORKSPACE,
                GH_AW_MCP_CLI_SERVERS_LIST: process.env.GH_AW_MCP_CLI_SERVERS_LIST
              }
            });

